// !$*UTF8*$!
{
	archiveVersion = 1;
	classes = {
	};
	objectVersion = 52;
	objects = {

/* Begin PBXBuildFile section */
		179BA9B8D59D037EAFA199D1 /* GltfViewer.swift in Sources */ = {isa = PBXBuildFile; fileRef = B361592413C5A70801CA0010 /* GltfViewer.swift */; };
		3543A7FBA3042E6DA4069F69 /* Download.glb in Resources */ = {isa = PBXBuildFile; fileRef = 9005B470A2DC09FE34401EF5 /* Download.glb */; };
		5C1F0B9C2AACA0C200F11761 /* filament in Frameworks */ = {isa = PBXBuildFile; productRef = 5C1F0B9B2AACA0C200F11761 /* filament */; };
		5CDC6D0F2AAE3016007623D5 /* skybox.ktx in Resources */ = {isa = PBXBuildFile; fileRef = 5CDC6D0D2AAE3016007623D5 /* skybox.ktx */; };
		5CDC6D102AAE3016007623D5 /* ibl.ktx in Resources */ = {isa = PBXBuildFile; fileRef = 5CDC6D0E2AAE3016007623D5 /* ibl.ktx */; };
		AB9CAA04A74A6513D01EC1A3 /* Scene.swift in Sources */ = {isa = PBXBuildFile; fileRef = 712F2DE205970987D52AA1F5 /* Scene.swift */; };
/* End PBXBuildFile section */

/* Begin PBXFileReference section */
		31BD9D238DA7682FF102BAE5 /* filament_swift */ = {isa = PBXFileReference; lastKnownFileType = folder; name = filament_swift; path = ../..; sourceTree = SOURCE_ROOT; };
		5CDC6D0D2AAE3016007623D5 /* skybox.ktx */ = {isa = PBXFileReference; lastKnownFileType = file; path = skybox.ktx; sourceTree = "<group>"; };
		5CDC6D0E2AAE3016007623D5 /* ibl.ktx */ = {isa = PBXFileReference; lastKnownFileType = file; path = ibl.ktx; sourceTree = "<group>"; };
		712F2DE205970987D52AA1F5 /* Scene.swift */ = {isa = PBXFileReference; lastKnownFileType = sourcecode.swift; path = Scene.swift; sourceTree = "<group>"; };
		891B249E0A448551F25056F8 /* swift-gltf-viewer.app */ = {isa = PBXFileReference; explicitFileType = wrapper.application; includeInIndex = 0; path = "swift-gltf-viewer.app"; sourceTree = BUILT_PRODUCTS_DIR; };
		9005B470A2DC09FE34401EF5 /* Download.glb */ = {isa = PBXFileReference; lastKnownFileType = file; path = Download.glb; sourceTree = "<group>"; };
		B361592413C5A70801CA0010 /* GltfViewer.swift */ = {isa = PBXFileReference; lastKnownFileType = sourcecode.swift; path = GltfViewer.swift; sourceTree = "<group>"; };
/* End PBXFileReference section */

/* Begin PBXFrameworksBuildPhase section */
		DB81ACD8246F83E9EFC5E81E /* Frameworks */ = {
			isa = PBXFrameworksBuildPhase;
			buildActionMask = 2147483647;
			files = (
				5C1F0B9C2AACA0C200F11761 /* filament in Frameworks */,
			);
			runOnlyForDeploymentPostprocessing = 0;
		};
/* End PBXFrameworksBuildPhase section */

/* Begin PBXGroup section */
		0DAC08AB23A6F84F1C654839 /* Packages */ = {
			isa = PBXGroup;
			children = (
				31BD9D238DA7682FF102BAE5 /* filament_swift */,
			);
			name = Packages;
			sourceTree = SOURCE_ROOT;
		};
		4D56903701E8EC71E5E39ED8 = {
			isa = PBXGroup;
			children = (
				9005B470A2DC09FE34401EF5 /* Download.glb */,
				5CDC6D0E2AAE3016007623D5 /* ibl.ktx */,
				5CDC6D0D2AAE3016007623D5 /* skybox.ktx */,
				0DAC08AB23A6F84F1C654839 /* Packages */,
				512A1F1AD86AFFDFA206E368 /* swift-gltf-viewer */,
				9DA23C60A227833DA2AA3584 /* Products */,
				5C1F0B852AAC79D900F11761 /* Frameworks */,
			);
			sourceTree = "<group>";
		};
		512A1F1AD86AFFDFA206E368 /* swift-gltf-viewer */ = {
			isa = PBXGroup;
			children = (
				B361592413C5A70801CA0010 /* GltfViewer.swift */,
				712F2DE205970987D52AA1F5 /* Scene.swift */,
			);
			path = "swift-gltf-viewer";
			sourceTree = "<group>";
		};
		5C1F0B852AAC79D900F11761 /* Frameworks */ = {
			isa = PBXGroup;
			children = (
			);
			name = Frameworks;
			sourceTree = "<group>";
		};
		9DA23C60A227833DA2AA3584 /* Products */ = {
			isa = PBXGroup;
			children = (
				891B249E0A448551F25056F8 /* swift-gltf-viewer.app */,
			);
			name = Products;
			sourceTree = "<group>";
		};
/* End PBXGroup section */

/* Begin PBXNativeTarget section */
		57A8228E1212E644721FA7E7 /* swift-gltf-viewer */ = {
			isa = PBXNativeTarget;
			buildConfigurationList = 9403C448735DEF49BEEB720C /* Build configuration list for PBXNativeTarget "swift-gltf-viewer" */;
			buildPhases = (
				4E22D76A1E882DEFF2074435 /* Sources */,
				11F867C98CE75A19EA450AA5 /* Resources */,
				DB81ACD8246F83E9EFC5E81E /* Frameworks */,
			);
			buildRules = (
			);
			dependencies = (
			);
			name = "swift-gltf-viewer";
			packageProductDependencies = (
				5C1F0B9B2AACA0C200F11761 /* filament */,
			);
			productName = "swift-gltf-viewer";
			productReference = 891B249E0A448551F25056F8 /* swift-gltf-viewer.app */;
			productType = "com.apple.product-type.application";
		};
/* End PBXNativeTarget section */

/* Begin PBXProject section */
		860FC11A8622A5EA6CD8E63F /* Project object */ = {
			isa = PBXProject;
			attributes = {
				LastUpgradeCheck = 1200;
			};
			buildConfigurationList = AD11034CE56D2AF46227DBA9 /* Build configuration list for PBXProject "swift-gltf-viewer" */;
			compatibilityVersion = "Xcode 11.0";
			developmentRegion = en;
			hasScannedForEncodings = 0;
			knownRegions = (
				Base,
				en,
			);
			mainGroup = 4D56903701E8EC71E5E39ED8;
			projectDirPath = "";
			projectRoot = "";
			targets = (
				57A8228E1212E644721FA7E7 /* swift-gltf-viewer */,
			);
		};
/* End PBXProject section */

/* Begin PBXResourcesBuildPhase section */
		11F867C98CE75A19EA450AA5 /* Resources */ = {
			isa = PBXResourcesBuildPhase;
			buildActionMask = 2147483647;
			files = (
				5CDC6D102AAE3016007623D5 /* ibl.ktx in Resources */,
				3543A7FBA3042E6DA4069F69 /* Download.glb in Resources */,
				5CDC6D0F2AAE3016007623D5 /* skybox.ktx in Resources */,
			);
			runOnlyForDeploymentPostprocessing = 0;
		};
/* End PBXResourcesBuildPhase section */

/* Begin PBXSourcesBuildPhase section */
		4E22D76A1E882DEFF2074435 /* Sources */ = {
			isa = PBXSourcesBuildPhase;
			buildActionMask = 2147483647;
			files = (
				179BA9B8D59D037EAFA199D1 /* GltfViewer.swift in Sources */,
				AB9CAA04A74A6513D01EC1A3 /* Scene.swift in Sources */,
			);
			runOnlyForDeploymentPostprocessing = 0;
		};
/* End PBXSourcesBuildPhase section */

/* Begin XCBuildConfiguration section */
		3677A32DAD134F25A24C0B45 /* Debug */ = {
			isa = XCBuildConfiguration;
			buildSettings = {
				ASSETCATALOG_COMPILER_APPICON_NAME = AppIcon;
				CODE_SIGN_IDENTITY = "iPhone Developer";
				DEVELOPMENT_TEAM = 94CU8XHYUN;
				INFOPLIST_FILE = Info.plist;
				IPHONEOS_DEPLOYMENT_TARGET = 15.0;
				LD_RUNPATH_SEARCH_PATHS = (
					"$(inherited)",
					"@executable_path/Frameworks",
				);
				PRODUCT_BUNDLE_IDENTIFIER = "${SAMPLE_CODE_DISAMBIGUATOR}.google.filament.swift-gltf-viewer.swift-gltf-viewer";
				SAMPLE_CODE_DISAMBIGUATOR = "${DEVELOPMENT_TEAM}";
				SDKROOT = iphoneos;
				TARGETED_DEVICE_FAMILY = "1,2";
			};
			name = Debug;
		};
		3C1BB10F1BCC09405BF0DC4B /* Release */ = {
			isa = XCBuildConfiguration;
			buildSettings = {
				ALWAYS_SEARCH_USER_PATHS = NO;
				CLANG_ANALYZER_NONNULL = YES;
				CLANG_ANALYZER_NUMBER_OBJECT_CONVERSION = YES_AGGRESSIVE;
				CLANG_CXX_LANGUAGE_STANDARD = "gnu++14";
				CLANG_CXX_LIBRARY = "libc++";
				CLANG_ENABLE_MODULES = YES;
				CLANG_ENABLE_OBJC_ARC = YES;
				CLANG_ENABLE_OBJC_WEAK = YES;
				CLANG_WARN_BLOCK_CAPTURE_AUTORELEASING = YES;
				CLANG_WARN_BOOL_CONVERSION = YES;
				CLANG_WARN_COMMA = YES;
				CLANG_WARN_CONSTANT_CONVERSION = YES;
				CLANG_WARN_DEPRECATED_OBJC_IMPLEMENTATIONS = YES;
				CLANG_WARN_DIRECT_OBJC_ISA_USAGE = YES_ERROR;
				CLANG_WARN_DOCUMENTATION_COMMENTS = YES;
				CLANG_WARN_EMPTY_BODY = YES;
				CLANG_WARN_ENUM_CONVERSION = YES;
				CLANG_WARN_INFINITE_RECURSION = YES;
				CLANG_WARN_INT_CONVERSION = YES;
				CLANG_WARN_NON_LITERAL_NULL_CONVERSION = YES;
				CLANG_WARN_OBJC_IMPLICIT_RETAIN_SELF = YES;
				CLANG_WARN_OBJC_LITERAL_CONVERSION = YES;
				CLANG_WARN_OBJC_ROOT_CLASS = YES_ERROR;
				CLANG_WARN_QUOTED_INCLUDE_IN_FRAMEWORK_HEADER = YES;
				CLANG_WARN_RANGE_LOOP_ANALYSIS = YES;
				CLANG_WARN_STRICT_PROTOTYPES = YES;
				CLANG_WARN_SUSPICIOUS_MOVE = YES;
				CLANG_WARN_UNGUARDED_AVAILABILITY = YES_AGGRESSIVE;
				CLANG_WARN_UNREACHABLE_CODE = YES;
				CLANG_WARN__DUPLICATE_METHOD_MATCH = YES;
				COPY_PHASE_STRIP = NO;
				DEBUG_INFORMATION_FORMAT = "dwarf-with-dsym";
				ENABLE_NS_ASSERTIONS = NO;
				ENABLE_STRICT_OBJC_MSGSEND = YES;
				GCC_C_LANGUAGE_STANDARD = gnu11;
				GCC_NO_COMMON_BLOCKS = YES;
				GCC_WARN_64_TO_32_BIT_CONVERSION = YES;
				GCC_WARN_ABOUT_RETURN_TYPE = YES_ERROR;
				GCC_WARN_UNDECLARED_SELECTOR = YES;
				GCC_WARN_UNINITIALIZED_AUTOS = YES_AGGRESSIVE;
				GCC_WARN_UNUSED_FUNCTION = YES;
				GCC_WARN_UNUSED_VARIABLE = YES;
				MTL_ENABLE_DEBUG_INFO = NO;
				MTL_FAST_MATH = YES;
				PRODUCT_NAME = "$(TARGET_NAME)";
				SDKROOT = iphoneos;
				SWIFT_COMPILATION_MODE = wholemodule;
				SWIFT_OPTIMIZATION_LEVEL = "-O";
				SWIFT_VERSION = 5.0;
			};
			name = Release;
		};
		B657CB380D573DE114E974C0 /* Release */ = {
			isa = XCBuildConfiguration;
			buildSettings = {
				ASSETCATALOG_COMPILER_APPICON_NAME = AppIcon;
				CODE_SIGN_IDENTITY = "iPhone Developer";
				DEVELOPMENT_TEAM = 94CU8XHYUN;
				INFOPLIST_FILE = Info.plist;
				IPHONEOS_DEPLOYMENT_TARGET = 15.0;
				LD_RUNPATH_SEARCH_PATHS = (
					"$(inherited)",
					"@executable_path/Frameworks",
				);
				PRODUCT_BUNDLE_IDENTIFIER = "${SAMPLE_CODE_DISAMBIGUATOR}.google.filament.swift-gltf-viewer.swift-gltf-viewer";
				SAMPLE_CODE_DISAMBIGUATOR = "${DEVELOPMENT_TEAM}";
				SDKROOT = iphoneos;
				TARGETED_DEVICE_FAMILY = "1,2";
			};
			name = Release;
		};
		EC900CE6D1C9A8853AA17A0D /* Debug */ = {
			isa = XCBuildConfiguration;
			buildSettings = {
				ALWAYS_SEARCH_USER_PATHS = NO;
				CLANG_ANALYZER_NONNULL = YES;
				CLANG_ANALYZER_NUMBER_OBJECT_CONVERSION = YES_AGGRESSIVE;
				CLANG_CXX_LANGUAGE_STANDARD = "gnu++14";
				CLANG_CXX_LIBRARY = "libc++";
				CLANG_ENABLE_MODULES = YES;
				CLANG_ENABLE_OBJC_ARC = YES;
				CLANG_ENABLE_OBJC_WEAK = YES;
				CLANG_WARN_BLOCK_CAPTURE_AUTORELEASING = YES;
				CLANG_WARN_BOOL_CONVERSION = YES;
				CLANG_WARN_COMMA = YES;
				CLANG_WARN_CONSTANT_CONVERSION = YES;
				CLANG_WARN_DEPRECATED_OBJC_IMPLEMENTATIONS = YES;
				CLANG_WARN_DIRECT_OBJC_ISA_USAGE = YES_ERROR;
				CLANG_WARN_DOCUMENTATION_COMMENTS = YES;
				CLANG_WARN_EMPTY_BODY = YES;
				CLANG_WARN_ENUM_CONVERSION = YES;
				CLANG_WARN_INFINITE_RECURSION = YES;
				CLANG_WARN_INT_CONVERSION = YES;
				CLANG_WARN_NON_LITERAL_NULL_CONVERSION = YES;
				CLANG_WARN_OBJC_IMPLICIT_RETAIN_SELF = YES;
				CLANG_WARN_OBJC_LITERAL_CONVERSION = YES;
				CLANG_WARN_OBJC_ROOT_CLASS = YES_ERROR;
				CLANG_WARN_QUOTED_INCLUDE_IN_FRAMEWORK_HEADER = YES;
				CLANG_WARN_RANGE_LOOP_ANALYSIS = YES;
				CLANG_WARN_STRICT_PROTOTYPES = YES;
				CLANG_WARN_SUSPICIOUS_MOVE = YES;
				CLANG_WARN_UNGUARDED_AVAILABILITY = YES_AGGRESSIVE;
				CLANG_WARN_UNREACHABLE_CODE = YES;
				CLANG_WARN__DUPLICATE_METHOD_MATCH = YES;
				COPY_PHASE_STRIP = NO;
				DEBUG_INFORMATION_FORMAT = dwarf;
				ENABLE_STRICT_OBJC_MSGSEND = YES;
				ENABLE_TESTABILITY = YES;
				GCC_C_LANGUAGE_STANDARD = gnu11;
				GCC_DYNAMIC_NO_PIC = NO;
				GCC_NO_COMMON_BLOCKS = YES;
				GCC_OPTIMIZATION_LEVEL = 0;
				GCC_PREPROCESSOR_DEFINITIONS = (
					"$(inherited)",
					"DEBUG=1",
				);
				GCC_WARN_64_TO_32_BIT_CONVERSION = YES;
				GCC_WARN_ABOUT_RETURN_TYPE = YES_ERROR;
				GCC_WARN_UNDECLARED_SELECTOR = YES;
				GCC_WARN_UNINITIALIZED_AUTOS = YES_AGGRESSIVE;
				GCC_WARN_UNUSED_FUNCTION = YES;
				GCC_WARN_UNUSED_VARIABLE = YES;
				MTL_ENABLE_DEBUG_INFO = INCLUDE_SOURCE;
				MTL_FAST_MATH = YES;
				ONLY_ACTIVE_ARCH = YES;
				PRODUCT_NAME = "$(TARGET_NAME)";
				SDKROOT = iphoneos;
				SWIFT_ACTIVE_COMPILATION_CONDITIONS = DEBUG;
				SWIFT_OPTIMIZATION_LEVEL = "-Onone";
				SWIFT_VERSION = 5.0;
			};
			name = Debug;
		};
/* End XCBuildConfiguration section */

/* Begin XCConfigurationList section */
		9403C448735DEF49BEEB720C /* Build configuration list for PBXNativeTarget "swift-gltf-viewer" */ = {
			isa = XCConfigurationList;
			buildConfigurations = (
				3677A32DAD134F25A24C0B45 /* Debug */,
				B657CB380D573DE114E974C0 /* Release */,
			);
			defaultConfigurationIsVisible = 0;
			defaultConfigurationName = Debug;
		};
		AD11034CE56D2AF46227DBA9 /* Build configuration list for PBXProject "swift-gltf-viewer" */ = {
			isa = XCConfigurationList;
			buildConfigurations = (
				EC900CE6D1C9A8853AA17A0D /* Debug */,
				3C1BB10F1BCC09405BF0DC4B /* Release */,
			);
			defaultConfigurationIsVisible = 0;
			defaultConfigurationName = Debug;
		};
/* End XCConfigurationList section */

/* Begin XCSwiftPackageProductDependency section */
		5C1F0B9B2AACA0C200F11761 /* filament */ = {
			isa = XCSwiftPackageProductDependency;
			productName = filament;
		};
/* End XCSwiftPackageProductDependency section */
	};
	rootObject = 860FC11A8622A5EA6CD8E63F /* Project object */;
}
